
Microsoft Visual Studio Solution File, Format Version 12.00
# Visual Studio Version 17
VisualStudioVersion = 17.10.35201.131
MinimumVisualStudioVersion = 10.0.40219.1
Project("{9A19103F-16F7-4668-BE54-9A1E7A4F7556}") = "ProductApi.WebAPI", "ProductApi.WebAPI\ProductApi.WebAPI.csproj", "{F00FDE14-C027-43AB-BE1E-E048E976D59F}"
EndProject
Project("{9A19103F-16F7-4668-BE54-9A1E7A4F7556}") = "ProductApi.Infrastructure", "ProductApi.Infrastructure\ProductApi.Infrastructure.csproj", "{BC887F08-B40F-4AA7-8755-72FC7835E5C5}"
EndProject
Project("{9A19103F-16F7-4668-BE54-9A1E7A4F7556}") = "ProductApi.Application", "ProductApi.Application\ProductApi.Application.csproj", "{173A452E-9965-4472-9B0A-58A60A9E0B32}"
EndProject
Project("{9A19103F-16F7-4668-BE54-9A1E7A4F7556}") = "ProductApi.Core", "ProductApi.Core\ProductApi.Core.csproj", "{307A5640-2868-4415-9AF7-96D92160C676}"
EndProject
Project("{9A19103F-16F7-4668-BE54-9A1E7A4F7556}") = "ProductApi.Tests", "ProductApi.Tests\ProductApi.Tests.csproj", "{C1B719B9-1CAC-4FDF-A5A5-F403B3720583}"
EndProject
Project("{FAE04EC0-301F-11D3-BF4B-00C04F79EFBC}") = "ProductApi.Console", "ProductApi.Console\ProductApi.Console.csproj", "{FFE3837B-A400-4A06-9CDE-78ACB74FAAE6}"
EndProject
Global
	GlobalSection(SolutionConfigurationPlatforms) = preSolution
		Debug|Any CPU = Debug|Any CPU
		Release|Any CPU = Release|Any CPU
	EndGlobalSection
	GlobalSection(ProjectConfigurationPlatforms) = postSolution
		{F00FDE14-C027-43AB-BE1E-E048E976D59F}.Debug|Any CPU.ActiveCfg = Debug|Any CPU
		{F00FDE14-C027-43AB-BE1E-E048E976D59F}.Debug|Any CPU.Build.0 = Debug|Any CPU
		{F00FDE14-C027-43AB-BE1E-E048E976D59F}.Release|Any CPU.ActiveCfg = Release|Any CPU
		{F00FDE14-C027-43AB-BE1E-E048E976D59F}.Release|Any CPU.Build.0 = Release|Any CPU
		{BC887F08-B40F-4AA7-8755-72FC7835E5C5}.Debug|Any CPU.ActiveCfg = Debug|Any CPU
		{BC887F08-B40F-4AA7-8755-72FC7835E5C5}.Debug|Any CPU.Build.0 = Debug|Any CPU
		{BC887F08-B40F-4AA7-8755-72FC7835E5C5}.Release|Any CPU.ActiveCfg = Release|Any CPU
		{BC887F08-B40F-4AA7-8755-72FC7835E5C5}.Release|Any CPU.Build.0 = Release|Any CPU
		{173A452E-9965-4472-9B0A-58A60A9E0B32}.Debug|Any CPU.ActiveCfg = Debug|Any CPU
		{173A452E-9965-4472-9B0A-58A60A9E0B32}.Debug|Any CPU.Build.0 = Debug|Any CPU
		{173A452E-9965-4472-9B0A-58A60A9E0B32}.Release|Any CPU.ActiveCfg = Release|Any CPU
		{173A452E-9965-4472-9B0A-58A60A9E0B32}.Release|Any CPU.Build.0 = Release|Any CPU
		{307A5640-2868-4415-9AF7-96D92160C676}.Debug|Any CPU.ActiveCfg = Debug|Any CPU
		{307A5640-2868-4415-9AF7-96D92160C676}.Debug|Any CPU.Build.0 = Debug|Any CPU
		{307A5640-2868-4415-9AF7-96D92160C676}.Release|Any CPU.ActiveCfg = Release|Any CPU
		{307A5640-2868-4415-9AF7-96D92160C676}.Release|Any CPU.Build.0 = Release|Any CPU
		{C1B719B9-1CAC-4FDF-A5A5-F403B3720583}.Debug|Any CPU.ActiveCfg = Debug|Any CPU
		{C1B719B9-1CAC-4FDF-A5A5-F403B3720583}.Debug|Any CPU.Build.0 = Debug|Any CPU
		{C1B719B9-1CAC-4FDF-A5A5-F403B3720583}.Release|Any CPU.ActiveCfg = Release|Any CPU
		{C1B719B9-1CAC-4FDF-A5A5-F403B3720583}.Release|Any CPU.Build.0 = Release|Any CPU
		{FFE3837B-A400-4A06-9CDE-78ACB74FAAE6}.Debug|Any CPU.ActiveCfg = Debug|Any CPU
		{FFE3837B-A400-4A06-9CDE-78ACB74FAAE6}.Debug|Any CPU.Build.0 = Debug|Any CPU
		{FFE3837B-A400-4A06-9CDE-78ACB74FAAE6}.Release|Any CPU.ActiveCfg = Release|Any CPU
		{FFE3837B-A400-4A06-9CDE-78ACB74FAAE6}.Release|Any CPU.Build.0 = Release|Any CPU
	EndGlobalSection
	GlobalSection(SolutionProperties) = preSolution
		HideSolutionNode = FALSE
	EndGlobalSection
	GlobalSection(ExtensibilityGlobals) = postSolution
		SolutionGuid = {623D9C3F-32E4-4172-AA70-F52A1FD7323A}
	EndGlobalSection
EndGlobal
